
Microsoft Visual Studio Solution File, Format Version 12.00
# Visual Studio Version 17
VisualStudioVersion = 17.9.34723.18
MinimumVisualStudioVersion = 10.0.40219.1
Project("{FAE04EC0-301F-11D3-BF4B-00C04F79EFBC}") = "DotNetAPI", "DotNetAPI\DotNetAPI.csproj", "{98646986-C988-4C23-852E-114123CB84B1}"
EndProject
Global
	GlobalSection(SolutionConfigurationPlatforms) = preSolution
		Debug|Any CPU = Debug|Any CPU
		Release|Any CPU = Release|Any CPU
	EndGlobalSection
	GlobalSection(ProjectConfigurationPlatforms) = postSolution
		{98646986-C988-4C23-852E-114123CB84B1}.Debug|Any CPU.ActiveCfg = Debug|Any CPU
		{98646986-C988-4C23-852E-114123CB84B1}.Debug|Any CPU.Build.0 = Debug|Any CPU
		{98646986-C988-4C23-852E-114123CB84B1}.Release|Any CPU.ActiveCfg = Release|Any CPU
		{98646986-C988-4C23-852E-114123CB84B1}.Release|Any CPU.Build.0 = Release|Any CPU
	EndGlobalSection
	GlobalSection(SolutionProperties) = preSolution
		HideSolutionNode = FALSE
	EndGlobalSection
	GlobalSection(ExtensibilityGlobals) = postSolution
		SolutionGuid = {19B1F989-9B88-41AD-93BA-23B2E3CBEA23}
	EndGlobalSection
EndGlobal
